
Microsoft Visual Studio Solution File, Format Version 12.00
# Visual Studio Version 17
VisualStudioVersion = 17.8.34511.84
MinimumVisualStudioVersion = 10.0.40219.1
Project("{FAE04EC0-301F-11D3-BF4B-00C04F79EFBC}") = "dvillavicencioS2", "dvillavicencioS2\dvillavicencioS2.csproj", "{E0B0193C-D40F-439F-9883-93DA8EED9012}"
EndProject
Global
	GlobalSection(SolutionConfigurationPlatforms) = preSolution
		Debug|Any CPU = Debug|Any CPU
		Release|Any CPU = Release|Any CPU
	EndGlobalSection
	GlobalSection(ProjectConfigurationPlatforms) = postSolution
		{E0B0193C-D40F-439F-9883-93DA8EED9012}.Debug|Any CPU.ActiveCfg = Debug|Any CPU
		{E0B0193C-D40F-439F-9883-93DA8EED9012}.Debug|Any CPU.Build.0 = Debug|Any CPU
		{E0B0193C-D40F-439F-9883-93DA8EED9012}.Debug|Any CPU.Deploy.0 = Debug|Any CPU
		{E0B0193C-D40F-439F-9883-93DA8EED9012}.Release|Any CPU.ActiveCfg = Release|Any CPU
		{E0B0193C-D40F-439F-9883-93DA8EED9012}.Release|Any CPU.Build.0 = Release|Any CPU
		{E0B0193C-D40F-439F-9883-93DA8EED9012}.Release|Any CPU.Deploy.0 = Release|Any CPU
	EndGlobalSection
	GlobalSection(SolutionProperties) = preSolution
		HideSolutionNode = FALSE
	EndGlobalSection
	GlobalSection(ExtensibilityGlobals) = postSolution
		SolutionGuid = {C3B633DD-BCCA-41CC-8D81-7B97DA302FB5}
	EndGlobalSection
EndGlobal
